
Microsoft Visual Studio Solution File, Format Version 12.00
# Visual Studio 15
VisualStudioVersion = 15.0.27703.2047
MinimumVisualStudioVersion = 10.0.40219.1
Project("{FAE04EC0-301F-11D3-BF4B-00C04F79EFBC}") = "ApiResource", "ApiResource\ApiResource.csproj", "{DD69999A-2944-4CDC-93C6-475F34B01F5A}"
EndProject
Global
	GlobalSection(SolutionConfigurationPlatforms) = preSolution
		Debug|Any CPU = Debug|Any CPU
		Release|Any CPU = Release|Any CPU
	EndGlobalSection
	GlobalSection(ProjectConfigurationPlatforms) = postSolution
		{DD69999A-2944-4CDC-93C6-475F34B01F5A}.Debug|Any CPU.ActiveCfg = Debug|Any CPU
		{DD69999A-2944-4CDC-93C6-475F34B01F5A}.Debug|Any CPU.Build.0 = Debug|Any CPU
		{DD69999A-2944-4CDC-93C6-475F34B01F5A}.Release|Any CPU.ActiveCfg = Release|Any CPU
		{DD69999A-2944-4CDC-93C6-475F34B01F5A}.Release|Any CPU.Build.0 = Release|Any CPU
	EndGlobalSection
	GlobalSection(SolutionProperties) = preSolution
		HideSolutionNode = FALSE
	EndGlobalSection
	GlobalSection(ExtensibilityGlobals) = postSolution
		SolutionGuid = {DE50BE74-96E5-4BF5-8B6B-04C07F3AEA25}
	EndGlobalSection
EndGlobal
